// !$*UTF8*$!
{
	archiveVersion = 1;
	classes = {
	};
	objectVersion = 46;
	objects = {

/* Begin PBXBuildFile section */
		B179F6571EA9A70200DE4E7E /* AppDelegate.swift in Sources */ = {isa = PBXBuildFile; fileRef = B179F6561EA9A70200DE4E7E /* AppDelegate.swift */; };
		B179F6591EA9A70200DE4E7E /* ViewController.swift in Sources */ = {isa = PBXBuildFile; fileRef = B179F6581EA9A70200DE4E7E /* ViewController.swift */; };
		B179F65C1EA9A70200DE4E7E /* Main.storyboard in Resources */ = {isa = PBXBuildFile; fileRef = B179F65A1EA9A70200DE4E7E /* Main.storyboard */; };
		B179F65F1EA9A70200DE4E7E /* Trax.xcdatamodeld in Sources */ = {isa = PBXBuildFile; fileRef = B179F65D1EA9A70200DE4E7E /* Trax.xcdatamodeld */; };
		B179F6611EA9A70200DE4E7E /* Assets.xcassets in Resources */ = {isa = PBXBuildFile; fileRef = B179F6601EA9A70200DE4E7E /* Assets.xcassets */; };
		B179F6641EA9A70200DE4E7E /* LaunchScreen.storyboard in Resources */ = {isa = PBXBuildFile; fileRef = B179F6621EA9A70200DE4E7E /* LaunchScreen.storyboard */; };
		B179F66F1EA9A70200DE4E7E /* TraxTests.swift in Sources */ = {isa = PBXBuildFile; fileRef = B179F66E1EA9A70200DE4E7E /* TraxTests.swift */; };
/* End PBXBuildFile section */

/* Begin PBXContainerItemProxy section */
		B179F66B1EA9A70200DE4E7E /* PBXContainerItemProxy */ = {
			isa = PBXContainerItemProxy;
			containerPortal = B179F64B1EA9A70100DE4E7E /* Project object */;
			proxyType = 1;
			remoteGlobalIDString = B179F6521EA9A70100DE4E7E;
			remoteInfo = Trax;
		};
/* End PBXContainerItemProxy section */

/* Begin PBXFileReference section */
		B179F6531EA9A70100DE4E7E /* Trax.app */ = {isa = PBXFileReference; explicitFileType = wrapper.application; includeInIndex = 0; path = Trax.app; sourceTree = BUILT_PRODUCTS_DIR; };
		B179F6561EA9A70200DE4E7E /* AppDelegate.swift */ = {isa = PBXFileReference; lastKnownFileType = sourcecode.swift; path = AppDelegate.swift; sourceTree = "<group>"; };
		B179F6581EA9A70200DE4E7E /* ViewController.swift */ = {isa = PBXFileReference; lastKnownFileType = sourcecode.swift; path = ViewController.swift; sourceTree = "<group>"; };
		B179F65B1EA9A70200DE4E7E /* Base */ = {isa = PBXFileReference; lastKnownFileType = file.storyboard; name = Base; path = Base.lproj/Main.storyboard; sourceTree = "<group>"; };
		B179F65E1EA9A70200DE4E7E /* Trax.xcdatamodel */ = {isa = PBXFileReference; lastKnownFileType = wrapper.xcdatamodel; path = Trax.xcdatamodel; sourceTree = "<group>"; };
		B179F6601EA9A70200DE4E7E /* Assets.xcassets */ = {isa = PBXFileReference; lastKnownFileType = folder.assetcatalog; path = Assets.xcassets; sourceTree = "<group>"; };
		B179F6631EA9A70200DE4E7E /* Base */ = {isa = PBXFileReference; lastKnownFileType = file.storyboard; name = Base; path = Base.lproj/LaunchScreen.storyboard; sourceTree = "<group>"; };
		B179F6651EA9A70200DE4E7E /* Info.plist */ = {isa = PBXFileReference; lastKnownFileType = text.plist.xml; path = Info.plist; sourceTree = "<group>"; };
		B179F66A1EA9A70200DE4E7E /* TraxTests.xctest */ = {isa = PBXFileReference; explicitFileType = wrapper.cfbundle; includeInIndex = 0; path = TraxTests.xctest; sourceTree = BUILT_PRODUCTS_DIR; };
		B179F66E1EA9A70200DE4E7E /* TraxTests.swift */ = {isa = PBXFileReference; lastKnownFileType = sourcecode.swift; path = TraxTests.swift; sourceTree = "<group>"; };
		B179F6701EA9A70200DE4E7E /* Info.plist */ = {isa = PBXFileReference; lastKnownFileType = text.plist.xml; path = Info.plist; sourceTree = "<group>"; };
/* End PBXFileReference section */

/* Begin PBXFrameworksBuildPhase section */
		B179F6501EA9A70100DE4E7E /* Frameworks */ = {
			isa = PBXFrameworksBuildPhase;
			buildActionMask = 2147483647;
			files = (
			);
			runOnlyForDeploymentPostprocessing = 0;
		};
		B179F6671EA9A70200DE4E7E /* Frameworks */ = {
			isa = PBXFrameworksBuildPhase;
			buildActionMask = 2147483647;
			files = (
			);
			runOnlyForDeploymentPostprocessing = 0;
		};
/* End PBXFrameworksBuildPhase section */

/* Begin PBXGroup section */
		B179F64A1EA9A70100DE4E7E = {
			isa = PBXGroup;
			children = (
				B179F6551EA9A70100DE4E7E /* Trax */,
				B179F66D1EA9A70200DE4E7E /* TraxTests */,
				B179F6541EA9A70100DE4E7E /* Products */,
			);
			sourceTree = "<group>";
		};
		B179F6541EA9A70100DE4E7E /* Products */ = {
			isa = PBXGroup;
			children = (
				B179F6531EA9A70100DE4E7E /* Trax.app */,
				B179F66A1EA9A70200DE4E7E /* TraxTests.xctest */,
			);
			name = Products;
			sourceTree = "<group>";
		};
		B179F6551EA9A70100DE4E7E /* Trax */ = {
			isa = PBXGroup;
			children = (
				B179F6561EA9A70200DE4E7E /* AppDelegate.swift */,
				B179F6581EA9A70200DE4E7E /* ViewController.swift */,
				B179F65A1EA9A70200DE4E7E /* Main.storyboard */,
				B179F6601EA9A70200DE4E7E /* Assets.xcassets */,
				B179F6621EA9A70200DE4E7E /* LaunchScreen.storyboard */,
				B179F6651EA9A70200DE4E7E /* Info.plist */,
				B179F65D1EA9A70200DE4E7E /* Trax.xcdatamodeld */,
			);
			path = Trax;
			sourceTree = "<group>";
		};
		B179F66D1EA9A70200DE4E7E /* TraxTests */ = {
			isa = PBXGroup;
			children = (
				B179F66E1EA9A70200DE4E7E /* TraxTests.swift */,
				B179F6701EA9A70200DE4E7E /* Info.plist */,
			);
			path = TraxTests;
			sourceTree = "<group>";
		};
/* End PBXGroup section */

/* Begin PBXNativeTarget section */
		B179F6521EA9A70100DE4E7E /* Trax */ = {
			isa = PBXNativeTarget;
			buildConfigurationList = B179F6731EA9A70200DE4E7E /* Build configuration list for PBXNativeTarget "Trax" */;
			buildPhases = (
				B179F64F1EA9A70100DE4E7E /* Sources */,
				B179F6501EA9A70100DE4E7E /* Frameworks */,
				B179F6511EA9A70100DE4E7E /* Resources */,
			);
			buildRules = (
			);
			dependencies = (
			);
			name = Trax;
			productName = Trax;
			productReference = B179F6531EA9A70100DE4E7E /* Trax.app */;
			productType = "com.apple.product-type.application";
		};
		B179F6691EA9A70200DE4E7E /* TraxTests */ = {
			isa = PBXNativeTarget;
			buildConfigurationList = B179F6761EA9A70200DE4E7E /* Build configuration list for PBXNativeTarget "TraxTests" */;
			buildPhases = (
				B179F6661EA9A70200DE4E7E /* Sources */,
				B179F6671EA9A70200DE4E7E /* Frameworks */,
				B179F6681EA9A70200DE4E7E /* Resources */,
			);
			buildRules = (
			);
			dependencies = (
				B179F66C1EA9A70200DE4E7E /* PBXTargetDependency */,
			);
			name = TraxTests;
			productName = TraxTests;
			productReference = B179F66A1EA9A70200DE4E7E /* TraxTests.xctest */;
			productType = "com.apple.product-type.bundle.unit-test";
		};
/* End PBXNativeTarget section */

/* Begin PBXProject section */
		B179F64B1EA9A70100DE4E7E /* Project object */ = {
			isa = PBXProject;
			attributes = {
				LastSwiftUpdateCheck = 0830;
				LastUpgradeCheck = 0830;
				ORGANIZATIONNAME = "Cristhian Parrales";
				TargetAttributes = {
					B179F6521EA9A70100DE4E7E = {
						CreatedOnToolsVersion = 8.3.2;
						DevelopmentTeam = P3PSUS93CS;
						ProvisioningStyle = Automatic;
					};
					B179F6691EA9A70200DE4E7E = {
						CreatedOnToolsVersion = 8.3.2;
						DevelopmentTeam = P3PSUS93CS;
						ProvisioningStyle = Automatic;
						TestTargetID = B179F6521EA9A70100DE4E7E;
					};
				};
			};
			buildConfigurationList = B179F64E1EA9A70100DE4E7E /* Build configuration list for PBXProject "Trax" */;
			compatibilityVersion = "Xcode 3.2";
			developmentRegion = English;
			hasScannedForEncodings = 0;
			knownRegions = (
				en,
				Base,
			);
			mainGroup = B179F64A1EA9A70100DE4E7E;
			productRefGroup = B179F6541EA9A70100DE4E7E /* Products */;
			projectDirPath = "";
			projectRoot = "";
			targets = (
				B179F6521EA9A70100DE4E7E /* Trax */,
				B179F6691EA9A70200DE4E7E /* TraxTests */,
			);
		};
/* End PBXProject section */

/* Begin PBXResourcesBuildPhase section */
		B179F6511EA9A70100DE4E7E /* Resources */ = {
			isa = PBXResourcesBuildPhase;
			buildActionMask = 2147483647;
			files = (
				B179F6641EA9A70200DE4E7E /* LaunchScreen.storyboard in Resources */,
				B179F6611EA9A70200DE4E7E /* Assets.xcassets in Resources */,
				B179F65C1EA9A70200DE4E7E /* Main.storyboard in Resources */,
			);
			runOnlyForDeploymentPostprocessing = 0;
		};
		B179F6681EA9A70200DE4E7E /* Resources */ = {
			isa = PBXResourcesBuildPhase;
			buildActionMask = 2147483647;
			files = (
			);
			runOnlyForDeploymentPostprocessing = 0;
		};
/* End PBXResourcesBuildPhase section */

/* Begin PBXSourcesBuildPhase section */
		B179F64F1EA9A70100DE4E7E /* Sources */ = {
			isa = PBXSourcesBuildPhase;
			buildActionMask = 2147483647;
			files = (
				B179F6591EA9A70200DE4E7E /* ViewController.swift in Sources */,
				B179F65F1EA9A70200DE4E7E /* Trax.xcdatamodeld in Sources */,
				B179F6571EA9A70200DE4E7E /* AppDelegate.swift in Sources */,
			);
			runOnlyForDeploymentPostprocessing = 0;
		};
		B179F6661EA9A70200DE4E7E /* Sources */ = {
			isa = PBXSourcesBuildPhase;
			buildActionMask = 2147483647;
			files = (
				B179F66F1EA9A70200DE4E7E /* TraxTests.swift in Sources */,
			);
			runOnlyForDeploymentPostprocessing = 0;
		};
/* End PBXSourcesBuildPhase section */

/* Begin PBXTargetDependency section */
		B179F66C1EA9A70200DE4E7E /* PBXTargetDependency */ = {
			isa = PBXTargetDependency;
			target = B179F6521EA9A70100DE4E7E /* Trax */;
			targetProxy = B179F66B1EA9A70200DE4E7E /* PBXContainerItemProxy */;
		};
/* End PBXTargetDependency section */

/* Begin PBXVariantGroup section */
		B179F65A1EA9A70200DE4E7E /* Main.storyboard */ = {
			isa = PBXVariantGroup;
			children = (
				B179F65B1EA9A70200DE4E7E /* Base */,
			);
			name = Main.storyboard;
			sourceTree = "<group>";
		};
		B179F6621EA9A70200DE4E7E /* LaunchScreen.storyboard */ = {
			isa = PBXVariantGroup;
			children = (
				B179F6631EA9A70200DE4E7E /* Base */,
			);
			name = LaunchScreen.storyboard;
			sourceTree = "<group>";
		};
/* End PBXVariantGroup section */

/* Begin XCBuildConfiguration section */
		B179F6711EA9A70200DE4E7E /* Debug */ = {
			isa = XCBuildConfiguration;
			buildSettings = {
				ALWAYS_SEARCH_USER_PATHS = NO;
				CLANG_ANALYZER_NONNULL = YES;
				CLANG_ANALYZER_NUMBER_OBJECT_CONVERSION = YES_AGGRESSIVE;
				CLANG_CXX_LANGUAGE_STANDARD = "gnu++0x";
				CLANG_CXX_LIBRARY = "libc++";
				CLANG_ENABLE_MODULES = YES;
				CLANG_ENABLE_OBJC_ARC = YES;
				CLANG_WARN_BOOL_CONVERSION = YES;
				CLANG_WARN_CONSTANT_CONVERSION = YES;
				CLANG_WARN_DIRECT_OBJC_ISA_USAGE = YES_ERROR;
				CLANG_WARN_DOCUMENTATION_COMMENTS = YES;
				CLANG_WARN_EMPTY_BODY = YES;
				CLANG_WARN_ENUM_CONVERSION = YES;
				CLANG_WARN_INFINITE_RECURSION = YES;
				CLANG_WARN_INT_CONVERSION = YES;
				CLANG_WARN_OBJC_ROOT_CLASS = YES_ERROR;
				CLANG_WARN_SUSPICIOUS_MOVE = YES;
				CLANG_WARN_UNREACHABLE_CODE = YES;
				CLANG_WARN__DUPLICATE_METHOD_MATCH = YES;
				"CODE_SIGN_IDENTITY[sdk=iphoneos*]" = "iPhone Developer";
				COPY_PHASE_STRIP = NO;
				DEBUG_INFORMATION_FORMAT = dwarf;
				ENABLE_STRICT_OBJC_MSGSEND = YES;
				ENABLE_TESTABILITY = YES;
				GCC_C_LANGUAGE_STANDARD = gnu99;
				GCC_DYNAMIC_NO_PIC = NO;
				GCC_NO_COMMON_BLOCKS = YES;
				GCC_OPTIMIZATION_LEVEL = 0;
				GCC_PREPROCESSOR_DEFINITIONS = (
					"DEBUG=1",
					"$(inherited)",
				);
				GCC_WARN_64_TO_32_BIT_CONVERSION = YES;
				GCC_WARN_ABOUT_RETURN_TYPE = YES_ERROR;
				GCC_WARN_UNDECLARED_SELECTOR = YES;
				GCC_WARN_UNINITIALIZED_AUTOS = YES_AGGRESSIVE;
				GCC_WARN_UNUSED_FUNCTION = YES;
				GCC_WARN_UNUSED_VARIABLE = YES;
				IPHONEOS_DEPLOYMENT_TARGET = 10.3;
				MTL_ENABLE_DEBUG_INFO = YES;
				ONLY_ACTIVE_ARCH = YES;
				SDKROOT = iphoneos;
				SWIFT_ACTIVE_COMPILATION_CONDITIONS = DEBUG;
				SWIFT_OPTIMIZATION_LEVEL = "-Onone";
			};
			name = Debug;
		};
		B179F6721EA9A70200DE4E7E /* Release */ = {
			isa = XCBuildConfiguration;
			buildSettings = {
				ALWAYS_SEARCH_USER_PATHS = NO;
				CLANG_ANALYZER_NONNULL = YES;
				CLANG_ANALYZER_NUMBER_OBJECT_CONVERSION = YES_AGGRESSIVE;
				CLANG_CXX_LANGUAGE_STANDARD = "gnu++0x";
				CLANG_CXX_LIBRARY = "libc++";
				CLANG_ENABLE_MODULES = YES;
				CLANG_ENABLE_OBJC_ARC = YES;
				CLANG_WARN_BOOL_CONVERSION = YES;
				CLANG_WARN_CONSTANT_CONVERSION = YES;
				CLANG_WARN_DIRECT_OBJC_ISA_USAGE = YES_ERROR;
				CLANG_WARN_DOCUMENTATION_COMMENTS = YES;
				CLANG_WARN_EMPTY_BODY = YES;
				CLANG_WARN_ENUM_CONVERSION = YES;
				CLANG_WARN_INFINITE_RECURSION = YES;
				CLANG_WARN_INT_CONVERSION = YES;
				CLANG_WARN_OBJC_ROOT_CLASS = YES_ERROR;
				CLANG_WARN_SUSPICIOUS_MOVE = YES;
				CLANG_WARN_UNREACHABLE_CODE = YES;
				CLANG_WARN__DUPLICATE_METHOD_MATCH = YES;
				"CODE_SIGN_IDENTITY[sdk=iphoneos*]" = "iPhone Developer";
				COPY_PHASE_STRIP = NO;
				DEBUG_INFORMATION_FORMAT = "dwarf-with-dsym";
				ENABLE_NS_ASSERTIONS = NO;
				ENABLE_STRICT_OBJC_MSGSEND = YES;
				GCC_C_LANGUAGE_STANDARD = gnu99;
				GCC_NO_COMMON_BLOCKS = YES;
				GCC_WARN_64_TO_32_BIT_CONVERSION = YES;
				GCC_WARN_ABOUT_RETURN_TYPE = YES_ERROR;
				GCC_WARN_UNDECLARED_SELECTOR = YES;
				GCC_WARN_UNINITIALIZED_AUTOS = YES_AGGRESSIVE;
				GCC_WARN_UNUSED_FUNCTION = YES;
				GCC_WARN_UNUSED_VARIABLE = YES;
				IPHONEOS_DEPLOYMENT_TARGET = 10.3;
				MTL_ENABLE_DEBUG_INFO = NO;
				SDKROOT = iphoneos;
				SWIFT_OPTIMIZATION_LEVEL = "-Owholemodule";
				VALIDATE_PRODUCT = YES;
			};
			name = Release;
		};
		B179F6741EA9A70200DE4E7E /* Debug */ = {
			isa = XCBuildConfiguration;
			buildSettings = {
				ASSETCATALOG_COMPILER_APPICON_NAME = AppIcon;
				DEVELOPMENT_TEAM = P3PSUS93CS;
				INFOPLIST_FILE = Trax/Info.plist;
				LD_RUNPATH_SEARCH_PATHS = "$(inherited) @executable_path/Frameworks";
				PRODUCT_BUNDLE_IDENTIFIER = cparrales.Trax;
				PRODUCT_NAME = "$(TARGET_NAME)";
				SWIFT_VERSION = 3.0;
			};
			name = Debug;
		};
		B179F6751EA9A70200DE4E7E /* Release */ = {
			isa = XCBuildConfiguration;
			buildSettings = {
				ASSETCATALOG_COMPILER_APPICON_NAME = AppIcon;
				DEVELOPMENT_TEAM = P3PSUS93CS;
				INFOPLIST_FILE = Trax/Info.plist;
				LD_RUNPATH_SEARCH_PATHS = "$(inherited) @executable_path/Frameworks";
				PRODUCT_BUNDLE_IDENTIFIER = cparrales.Trax;
				PRODUCT_NAME = "$(TARGET_NAME)";
				SWIFT_VERSION = 3.0;
			};
			name = Release;
		};
		B179F6771EA9A70200DE4E7E /* Debug */ = {
			isa = XCBuildConfiguration;
			buildSettings = {
				ALWAYS_EMBED_SWIFT_STANDARD_LIBRARIES = YES;
				BUNDLE_LOADER = "$(TEST_HOST)";
				DEVELOPMENT_TEAM = P3PSUS93CS;
				INFOPLIST_FILE = TraxTests/Info.plist;
				LD_RUNPATH_SEARCH_PATHS = "$(inherited) @executable_path/Frameworks @loader_path/Frameworks";
				PRODUCT_BUNDLE_IDENTIFIER = cparrales.TraxTests;
				PRODUCT_NAME = "$(TARGET_NAME)";
				SWIFT_VERSION = 3.0;
				TEST_HOST = "$(BUILT_PRODUCTS_DIR)/Trax.app/Trax";
			};
			name = Debug;
		};
		B179F6781EA9A70200DE4E7E /* Release */ = {
			isa = XCBuildConfiguration;
			buildSettings = {
				ALWAYS_EMBED_SWIFT_STANDARD_LIBRARIES = YES;
				BUNDLE_LOADER = "$(TEST_HOST)";
				DEVELOPMENT_TEAM = P3PSUS93CS;
				INFOPLIST_FILE = TraxTests/Info.plist;
				LD_RUNPATH_SEARCH_PATHS = "$(inherited) @executable_path/Frameworks @loader_path/Frameworks";
				PRODUCT_BUNDLE_IDENTIFIER = cparrales.TraxTests;
				PRODUCT_NAME = "$(TARGET_NAME)";
				SWIFT_VERSION = 3.0;
				TEST_HOST = "$(BUILT_PRODUCTS_DIR)/Trax.app/Trax";
			};
			name = Release;
		};
/* End XCBuildConfiguration section */

/* Begin XCConfigurationList section */
		B179F64E1EA9A70100DE4E7E /* Build configuration list for PBXProject "Trax" */ = {
			isa = XCConfigurationList;
			buildConfigurations = (
				B179F6711EA9A70200DE4E7E /* Debug */,
				B179F6721EA9A70200DE4E7E /* Release */,
			);
			defaultConfigurationIsVisible = 0;
			defaultConfigurationName = Release;
		};
		B179F6731EA9A70200DE4E7E /* Build configuration list for PBXNativeTarget "Trax" */ = {
			isa = XCConfigurationList;
			buildConfigurations = (
				B179F6741EA9A70200DE4E7E /* Debug */,
				B179F6751EA9A70200DE4E7E /* Release */,
			);
			defaultConfigurationIsVisible = 0;
		};
		B179F6761EA9A70200DE4E7E /* Build configuration list for PBXNativeTarget "TraxTests" */ = {
			isa = XCConfigurationList;
			buildConfigurations = (
				B179F6771EA9A70200DE4E7E /* Debug */,
				B179F6781EA9A70200DE4E7E /* Release */,
			);
			defaultConfigurationIsVisible = 0;
		};
/* End XCConfigurationList section */

/* Begin XCVersionGroup section */
		B179F65D1EA9A70200DE4E7E /* Trax.xcdatamodeld */ = {
			isa = XCVersionGroup;
			children = (
				B179F65E1EA9A70200DE4E7E /* Trax.xcdatamodel */,
			);
			currentVersion = B179F65E1EA9A70200DE4E7E /* Trax.xcdatamodel */;
			path = Trax.xcdatamodeld;
			sourceTree = "<group>";
			versionGroupType = wrapper.xcdatamodel;
		};
/* End XCVersionGroup section */
	};
	rootObject = B179F64B1EA9A70100DE4E7E /* Project object */;
}
